{
  "version": 4,
  "terraform_version": "1.15.7",
  "serial": 18,
  "lineage": "10aa0646-d170-7dd7-f66f-d5cd965babbe",
  "outputs": {
    "agent_ip": {
      "value": "178.104.124.151",
      "type": "string"
    },
    "kubeconfig": {
      "value": "apiVersion: v1\nclusters:\n- cluster:\n    certificate-authority-data: LS0tLS1CRUdJTiBDRVJUSUZJQ0FURS0tLS0tCk1JSUJlRENDQVIyZ0F3SUJBZ0lCQURBS0JnZ3Foa2pPUFFRREFqQWpNU0V3SHdZRFZRUUREQmhyTTNNdGMyVnkKZG1WeUxXTmhRREUzTnpRNE9UY3hNelV3SGhjTk1qWXdNek13TVRjMU9EVTFXaGNOTXpZd016STNNVGMxT0RVMQpXakFqTVNFd0h3WURWUVFEREJock0zTXRjMlZ5ZG1WeUxXTmhRREUzTnpRNE9UY3hNelV3V1RBVEJnY3Foa2pPClBRSUJCZ2dxaGtqT1BRTUJCd05DQUFSQ0Y3MDhyMkQrUVVXMTBLbzNNdEpsYkQ0dkVNRkpQMWUvRkpoVXZtSnMKVThjOFZKZnMyT0V0TlNsUm9ad0lvUGRSeHBhdnlqamxJTjdMSzJiS2M1ditvMEl3UURBT0JnTlZIUThCQWY4RQpCQU1DQXFRd0R3WURWUjBUQVFIL0JBVXdBd0VCL3pBZEJnTlZIUTRFRmdRVU55bXU2WTkvUEwvWjd4elN5eVlmCjE4N3c2cDR3Q2dZSUtvWkl6ajBFQXdJRFNRQXdSZ0loQU41dDcyN08zTVNJOG5wdHFwMmsvSGU2dnRpT2lrQ0QKZ215bVNFWGhDNlBnQWlFQThMbUlSdlJIWUdRUGFJRlBFVERLaHNrMlZUSEVtZjVwNnFCMzJuMW8vWFU9Ci0tLS0tRU5EIENFUlRJRklDQVRFLS0tLS0K\n    server: https://178.104.125.40:6443\n  name: default\ncontexts:\n- context:\n    cluster: default\n    user: default\n  name: default\ncurrent-context: default\nkind: Config\nusers:\n- name: default\n  user:\n    client-certificate-data: LS0tLS1CRUdJTiBDRVJUSUZJQ0FURS0tLS0tCk1JSUJrRENDQVRlZ0F3SUJBZ0lJWEV1MDB0NmVvOTR3Q2dZSUtvWkl6ajBFQXdJd0l6RWhNQjhHQTFVRUF3d1kKYXpOekxXTnNhV1Z1ZEMxallVQXhOemMwT0RrM01UTTFNQjRYRFRJMk1ETXpNREUzTlRnMU5Wb1hEVEkzTURNegpNREUzTlRnMU5Wb3dNREVYTUJVR0ExVUVDaE1PYzNsemRHVnRPbTFoYzNSbGNuTXhGVEFUQmdOVkJBTVRESE41CmMzUmxiVHBoWkcxcGJqQlpNQk1HQnlxR1NNNDlBZ0VHQ0NxR1NNNDlBd0VIQTBJQUJEeUVHVkp2MjYrWHZRdmsKYytXa2JEcW84eXJRaTZJSWJtd0dBcThiUDk1UEliMGNFc0kvS3JrekN5aEpnVjg0NE5ENmFyM1FHazFTckNYdwpRbUU3SCsyalNEQkdNQTRHQTFVZER3RUIvd1FFQXdJRm9EQVRCZ05WSFNVRUREQUtCZ2dyQmdFRkJRY0RBakFmCkJnTlZIU01FR0RBV2dCVFU5ME5jOVFHcnJ0YnQxdDNEUGhXWk5PRmRyVEFLQmdncWhrak9QUVFEQWdOSEFEQkUKQWlCR1p0c3lmV21hd0NpVXY3TU9XWmIwM1p2bDVZdG1ONHVSUDhwMjUweTVxUUlnR2N4N0xaVGQzaUxDVTAzUwo0bGJEK2RnbU5qYWI0cFNGTXRMZHRhNE0wV2c9Ci0tLS0tRU5EIENFUlRJRklDQVRFLS0tLS0KLS0tLS1CRUdJTiBDRVJUSUZJQ0FURS0tLS0tCk1JSUJkakNDQVIyZ0F3SUJBZ0lCQURBS0JnZ3Foa2pPUFFRREFqQWpNU0V3SHdZRFZRUUREQmhyTTNNdFkyeHAKWlc1MExXTmhRREUzTnpRNE9UY3hNelV3SGhjTk1qWXdNek13TVRjMU9EVTFXaGNOTXpZd016STNNVGMxT0RVMQpXakFqTVNFd0h3WURWUVFEREJock0zTXRZMnhwWlc1MExXTmhRREUzTnpRNE9UY3hNelV3V1RBVEJnY3Foa2pPClBRSUJCZ2dxaGtqT1BRTUJCd05DQUFRN2xoaUV1NDVNZkgrVWYwUlVTOW5Oa3VHMGkxSnRFU2pjbmM1YTM4QnMKU0lRa2NzdG9jeXJROHNIdjl5WEdRclFub0plVGlKZXpyZ2VpSHQ0UDBqb1BvMEl3UURBT0JnTlZIUThCQWY4RQpCQU1DQXFRd0R3WURWUjBUQVFIL0JBVXdBd0VCL3pBZEJnTlZIUTRFRmdRVTFQZERYUFVCcTY3VzdkYmR3ejRWCm1UVGhYYTB3Q2dZSUtvWkl6ajBFQXdJRFJ3QXdSQUlnWjVneU9qUnF2cW1FNk45dmtkY3V5ZXd4c3AySDVHZTQKS2ZGaVVVa2RZK3NDSUVrY2RSMG5XWElOL1dZall1SU9IRlVsY1BZenR6S2kvZGVzUm1mS1FWQ0YKLS0tLS1FTkQgQ0VSVElGSUNBVEUtLS0tLQo=\n    client-key-data: LS0tLS1CRUdJTiBFQyBQUklWQVRFIEtFWS0tLS0tCk1IY0NBUUVFSUFiUUVoK2FISFZNZllDbUFMbW4xZ0hjZWRwRW5XWjViRk1zNElNRThiSE1vQW9HQ0NxR1NNNDkKQXdFSG9VUURRZ0FFUElRWlVtL2JyNWU5QytSejVhUnNPcWp6S3RDTG9naHViQVlDcnhzLzNrOGh2UndTd2o4cQp1VE1MS0VtQlh6amcwUHBxdmRBYVRWS3NKZkJDWVRzZjdRPT0KLS0tLS1FTkQgRUMgUFJJVkFURSBLRVktLS0tLQo=\n",
      "type": "string",
      "sensitive": true
    },
    "server_ip": {
      "value": "178.104.125.40",
      "type": "string"
    }
  },
  "resources": [
    {
      "mode": "data",
      "type": "hcloud_ssh_key",
      "name": "ci",
      "provider": "provider[\"registry.terraform.io/hetznercloud/hcloud\"]",
      "instances": [
        {
          "schema_version": 0,
          "attributes": {
            "fingerprint": "f5:81:6d:bd:8d:3d:f8:73:fa:55:14:f7:67:15:be:bf",
            "id": 110018931,
            "labels": {},
            "name": "monorepo-ci",
            "public_key": "ssh-ed25519 AAAAC3NzaC1lZDI1NTE5AAAAICI1ISwiRGY/CrrEDrc5EM3EeXdcQJNxyp5RZ8gOAj/G ci@monorepo\n\n",
            "selector": null,
            "with_selector": null
          },
          "sensitive_attributes": [],
          "identity_schema_version": 0
        }
      ]
    },
    {
      "mode": "data",
      "type": "hcloud_ssh_key",
      "name": "default",
      "provider": "provider[\"registry.terraform.io/hetznercloud/hcloud\"]",
      "instances": [
        {
          "schema_version": 0,
          "attributes": {
            "fingerprint": "94:a2:e2:ef:24:b6:20:6f:9e:3a:0d:e5:7a:ed:1a:50",
            "id": 110019731,
            "labels": {},
            "name": "daniel-passy-key",
            "public_key": "ssh-ed25519 AAAAC3NzaC1lZDI1NTE5AAAAILwPNfNFlGjin4vgHWlJkyVd6+PYPUFTs6NH59Tuw3jm",
            "selector": null,
            "with_selector": null
          },
          "sensitive_attributes": [],
          "identity_schema_version": 0
        }
      ]
    },
    {
      "mode": "data",
      "type": "remote_file",
      "name": "k3s_token",
      "provider": "provider[\"registry.terraform.io/tenstad/remote\"]",
      "instances": [
        {
          "schema_version": 0,
          "attributes": {
            "conn": [
              {
                "agent": false,
                "host": "178.104.125.40",
                "password": "",
                "port": 22,
                "private_key": "-----BEGIN OPENSSH PRIVATE KEY-----\nb3BlbnNzaC1rZXktdjEAAAAABG5vbmUAAAAEbm9uZQAAAAAAAAABAAAAMwAAAAtzc2gtZW\nQyNTUxOQAAACAiNSEsIkRmPwq6xA63ORDNxHl3XECTccqeUWfIDgI/xgAAAJDw0jj28NI4\n9gAAAAtzc2gtZWQyNTUxOQAAACAiNSEsIkRmPwq6xA63ORDNxHl3XECTccqeUWfIDgI/xg\nAAAECbIYGuDC3YQhMEAuCtlhyLr3GpWcUlagDPSr/wz8liNyI1ISwiRGY/CrrEDrc5EM3E\neXdcQJNxyp5RZ8gOAj/GAAAAC2NpQG1vbm9yZXBvAQI=\n-----END OPENSSH PRIVATE KEY-----\n\n",
                "private_key_env_var": "",
                "private_key_pass": "",
                "private_key_path": "",
                "sudo": false,
                "timeout": 0,
                "user": "root"
              }
            ],
            "content": "K108f4d4ebcb11eed64ddd26ee8b9b9249da7868522a1b20224c3e7af637c04dc83::server:8127777a31e4b301c0e7e531c8ac5a68\n",
            "group": "0",
            "group_name": "root",
            "id": "178.104.125.40:22:/var/lib/rancher/k3s/server/node-token",
            "owner": "0",
            "owner_name": "root",
            "path": "/var/lib/rancher/k3s/server/node-token",
            "permissions": "0600"
          },
          "sensitive_attributes": [
            [
              {
                "type": "get_attr",
                "value": "conn"
              },
              {
                "type": "index",
                "value": {
                  "value": 0,
                  "type": "number"
                }
              },
              {
                "type": "get_attr",
                "value": "password"
              }
            ],
            [
              {
                "type": "get_attr",
                "value": "conn"
              },
              {
                "type": "index",
                "value": {
                  "value": 0,
                  "type": "number"
                }
              },
              {
                "type": "get_attr",
                "value": "private_key"
              }
            ],
            [
              {
                "type": "get_attr",
                "value": "conn"
              },
              {
                "type": "index",
                "value": {
                  "value": 0,
                  "type": "number"
                }
              },
              {
                "type": "get_attr",
                "value": "private_key_pass"
              }
            ]
          ],
          "identity_schema_version": 0
        }
      ]
    },
    {
      "mode": "data",
      "type": "remote_file",
      "name": "kubeconfig",
      "provider": "provider[\"registry.terraform.io/tenstad/remote\"]",
      "instances": [
        {
          "schema_version": 0,
          "attributes": {
            "conn": [
              {
                "agent": false,
                "host": "178.104.125.40",
                "password": "",
                "port": 22,
                "private_key": "-----BEGIN OPENSSH PRIVATE KEY-----\nb3BlbnNzaC1rZXktdjEAAAAABG5vbmUAAAAEbm9uZQAAAAAAAAABAAAAMwAAAAtzc2gtZW\nQyNTUxOQAAACAiNSEsIkRmPwq6xA63ORDNxHl3XECTccqeUWfIDgI/xgAAAJDw0jj28NI4\n9gAAAAtzc2gtZWQyNTUxOQAAACAiNSEsIkRmPwq6xA63ORDNxHl3XECTccqeUWfIDgI/xg\nAAAECbIYGuDC3YQhMEAuCtlhyLr3GpWcUlagDPSr/wz8liNyI1ISwiRGY/CrrEDrc5EM3E\neXdcQJNxyp5RZ8gOAj/GAAAAC2NpQG1vbm9yZXBvAQI=\n-----END OPENSSH PRIVATE KEY-----\n\n",
                "private_key_env_var": "",
                "private_key_pass": "",
                "private_key_path": "",
                "sudo": false,
                "timeout": 0,
                "user": "root"
              }
            ],
            "content": "apiVersion: v1\nclusters:\n- cluster:\n    certificate-authority-data: LS0tLS1CRUdJTiBDRVJUSUZJQ0FURS0tLS0tCk1JSUJlRENDQVIyZ0F3SUJBZ0lCQURBS0JnZ3Foa2pPUFFRREFqQWpNU0V3SHdZRFZRUUREQmhyTTNNdGMyVnkKZG1WeUxXTmhRREUzTnpRNE9UY3hNelV3SGhjTk1qWXdNek13TVRjMU9EVTFXaGNOTXpZd016STNNVGMxT0RVMQpXakFqTVNFd0h3WURWUVFEREJock0zTXRjMlZ5ZG1WeUxXTmhRREUzTnpRNE9UY3hNelV3V1RBVEJnY3Foa2pPClBRSUJCZ2dxaGtqT1BRTUJCd05DQUFSQ0Y3MDhyMkQrUVVXMTBLbzNNdEpsYkQ0dkVNRkpQMWUvRkpoVXZtSnMKVThjOFZKZnMyT0V0TlNsUm9ad0lvUGRSeHBhdnlqamxJTjdMSzJiS2M1ditvMEl3UURBT0JnTlZIUThCQWY4RQpCQU1DQXFRd0R3WURWUjBUQVFIL0JBVXdBd0VCL3pBZEJnTlZIUTRFRmdRVU55bXU2WTkvUEwvWjd4elN5eVlmCjE4N3c2cDR3Q2dZSUtvWkl6ajBFQXdJRFNRQXdSZ0loQU41dDcyN08zTVNJOG5wdHFwMmsvSGU2dnRpT2lrQ0QKZ215bVNFWGhDNlBnQWlFQThMbUlSdlJIWUdRUGFJRlBFVERLaHNrMlZUSEVtZjVwNnFCMzJuMW8vWFU9Ci0tLS0tRU5EIENFUlRJRklDQVRFLS0tLS0K\n    server: https://127.0.0.1:6443\n  name: default\ncontexts:\n- context:\n    cluster: default\n    user: default\n  name: default\ncurrent-context: default\nkind: Config\nusers:\n- name: default\n  user:\n    client-certificate-data: LS0tLS1CRUdJTiBDRVJUSUZJQ0FURS0tLS0tCk1JSUJrRENDQVRlZ0F3SUJBZ0lJWEV1MDB0NmVvOTR3Q2dZSUtvWkl6ajBFQXdJd0l6RWhNQjhHQTFVRUF3d1kKYXpOekxXTnNhV1Z1ZEMxallVQXhOemMwT0RrM01UTTFNQjRYRFRJMk1ETXpNREUzTlRnMU5Wb1hEVEkzTURNegpNREUzTlRnMU5Wb3dNREVYTUJVR0ExVUVDaE1PYzNsemRHVnRPbTFoYzNSbGNuTXhGVEFUQmdOVkJBTVRESE41CmMzUmxiVHBoWkcxcGJqQlpNQk1HQnlxR1NNNDlBZ0VHQ0NxR1NNNDlBd0VIQTBJQUJEeUVHVkp2MjYrWHZRdmsKYytXa2JEcW84eXJRaTZJSWJtd0dBcThiUDk1UEliMGNFc0kvS3JrekN5aEpnVjg0NE5ENmFyM1FHazFTckNYdwpRbUU3SCsyalNEQkdNQTRHQTFVZER3RUIvd1FFQXdJRm9EQVRCZ05WSFNVRUREQUtCZ2dyQmdFRkJRY0RBakFmCkJnTlZIU01FR0RBV2dCVFU5ME5jOVFHcnJ0YnQxdDNEUGhXWk5PRmRyVEFLQmdncWhrak9QUVFEQWdOSEFEQkUKQWlCR1p0c3lmV21hd0NpVXY3TU9XWmIwM1p2bDVZdG1ONHVSUDhwMjUweTVxUUlnR2N4N0xaVGQzaUxDVTAzUwo0bGJEK2RnbU5qYWI0cFNGTXRMZHRhNE0wV2c9Ci0tLS0tRU5EIENFUlRJRklDQVRFLS0tLS0KLS0tLS1CRUdJTiBDRVJUSUZJQ0FURS0tLS0tCk1JSUJkakNDQVIyZ0F3SUJBZ0lCQURBS0JnZ3Foa2pPUFFRREFqQWpNU0V3SHdZRFZRUUREQmhyTTNNdFkyeHAKWlc1MExXTmhRREUzTnpRNE9UY3hNelV3SGhjTk1qWXdNek13TVRjMU9EVTFXaGNOTXpZd016STNNVGMxT0RVMQpXakFqTVNFd0h3WURWUVFEREJock0zTXRZMnhwWlc1MExXTmhRREUzTnpRNE9UY3hNelV3V1RBVEJnY3Foa2pPClBRSUJCZ2dxaGtqT1BRTUJCd05DQUFRN2xoaUV1NDVNZkgrVWYwUlVTOW5Oa3VHMGkxSnRFU2pjbmM1YTM4QnMKU0lRa2NzdG9jeXJROHNIdjl5WEdRclFub0plVGlKZXpyZ2VpSHQ0UDBqb1BvMEl3UURBT0JnTlZIUThCQWY4RQpCQU1DQXFRd0R3WURWUjBUQVFIL0JBVXdBd0VCL3pBZEJnTlZIUTRFRmdRVTFQZERYUFVCcTY3VzdkYmR3ejRWCm1UVGhYYTB3Q2dZSUtvWkl6ajBFQXdJRFJ3QXdSQUlnWjVneU9qUnF2cW1FNk45dmtkY3V5ZXd4c3AySDVHZTQKS2ZGaVVVa2RZK3NDSUVrY2RSMG5XWElOL1dZall1SU9IRlVsY1BZenR6S2kvZGVzUm1mS1FWQ0YKLS0tLS1FTkQgQ0VSVElGSUNBVEUtLS0tLQo=\n    client-key-data: LS0tLS1CRUdJTiBFQyBQUklWQVRFIEtFWS0tLS0tCk1IY0NBUUVFSUFiUUVoK2FISFZNZllDbUFMbW4xZ0hjZWRwRW5XWjViRk1zNElNRThiSE1vQW9HQ0NxR1NNNDkKQXdFSG9VUURRZ0FFUElRWlVtL2JyNWU5QytSejVhUnNPcWp6S3RDTG9naHViQVlDcnhzLzNrOGh2UndTd2o4cQp1VE1MS0VtQlh6amcwUHBxdmRBYVRWS3NKZkJDWVRzZjdRPT0KLS0tLS1FTkQgRUMgUFJJVkFURSBLRVktLS0tLQo=\n",
            "group": "0",
            "group_name": "root",
            "id": "178.104.125.40:22:/etc/rancher/k3s/k3s.yaml",
            "owner": "0",
            "owner_name": "root",
            "path": "/etc/rancher/k3s/k3s.yaml",
            "permissions": "0600"
          },
          "sensitive_attributes": [
            [
              {
                "type": "get_attr",
                "value": "conn"
              },
              {
                "type": "index",
                "value": {
                  "value": 0,
                  "type": "number"
                }
              },
              {
                "type": "get_attr",
                "value": "password"
              }
            ],
            [
              {
                "type": "get_attr",
                "value": "conn"
              },
              {
                "type": "index",
                "value": {
                  "value": 0,
                  "type": "number"
                }
              },
              {
                "type": "get_attr",
                "value": "private_key"
              }
            ],
            [
              {
                "type": "get_attr",
                "value": "conn"
              },
              {
                "type": "index",
                "value": {
                  "value": 0,
                  "type": "number"
                }
              },
              {
                "type": "get_attr",
                "value": "private_key_pass"
              }
            ]
          ],
          "identity_schema_version": 0
        }
      ]
    },
    {
      "mode": "managed",
      "type": "aws_s3_bucket",
      "name": "frontend",
      "provider": "provider[\"registry.terraform.io/hashicorp/aws\"]",
      "instances": [
        {
          "schema_version": 0,
          "attributes": {
            "acceleration_status": "",
            "acl": null,
            "arn": "arn::s3:::monorepo-frontend",
            "bucket": "monorepo-frontend",
            "bucket_domain_name": "monorepo-frontend.s3.amazonaws.com",
            "bucket_prefix": "",
            "bucket_regional_domain_name": "monorepo-frontend.s3.amazonaws.com",
            "cors_rule": [],
            "force_destroy": false,
            "grant": [
              {
                "id": "",
                "permissions": [
                  "READ"
                ],
                "type": "Group",
                "uri": "http://acs.amazonaws.com/groups/global/AllUsers"
              },
              {
                "id": "p13957464",
                "permissions": [
                  "FULL_CONTROL"
                ],
                "type": "CanonicalUser",
                "uri": ""
              }
            ],
            "hosted_zone_id": null,
            "id": "monorepo-frontend",
            "lifecycle_rule": [],
            "logging": [],
            "object_lock_configuration": [],
            "object_lock_enabled": false,
            "policy": "",
            "region": "",
            "replication_configuration": [],
            "request_payer": "",
            "server_side_encryption_configuration": [],
            "tags": {},
            "tags_all": {},
            "timeouts": null,
            "versioning": [
              {
                "enabled": false,
                "mfa_delete": false
              }
            ],
            "website": [],
            "website_domain": null,
            "website_endpoint": null
          },
          "sensitive_attributes": [],
          "identity_schema_version": 0,
          "private": "eyJlMmJmYjczMC1lY2FhLTExZTYtOGY4OC0zNDM2M2JjN2M0YzAiOnsiY3JlYXRlIjoxMjAwMDAwMDAwMDAwLCJkZWxldGUiOjM2MDAwMDAwMDAwMDAsInJlYWQiOjEyMDAwMDAwMDAwMDAsInVwZGF0ZSI6MTIwMDAwMDAwMDAwMH19"
        }
      ]
    },
    {
      "mode": "managed",
      "type": "aws_s3_bucket_acl",
      "name": "frontend",
      "provider": "provider[\"registry.terraform.io/hashicorp/aws\"]",
      "instances": [
        {
          "schema_version": 0,
          "attributes": {
            "access_control_policy": [
              {
                "grant": [
                  {
                    "grantee": [
                      {
                        "display_name": "",
                        "email_address": "",
                        "id": "",
                        "type": "Group",
                        "uri": "http://acs.amazonaws.com/groups/global/AllUsers"
                      }
                    ],
                    "permission": "READ"
                  },
                  {
                    "grantee": [
                      {
                        "display_name": "p13957464",
                        "email_address": "",
                        "id": "p13957464",
                        "type": "CanonicalUser",
                        "uri": ""
                      }
                    ],
                    "permission": "FULL_CONTROL"
                  }
                ],
                "owner": [
                  {
                    "display_name": "p13957464",
                    "id": "p13957464"
                  }
                ]
              }
            ],
            "acl": "public-read",
            "bucket": "monorepo-frontend",
            "expected_bucket_owner": "",
            "id": "monorepo-frontend,public-read"
          },
          "sensitive_attributes": [],
          "identity_schema_version": 0,
          "private": "bnVsbA==",
          "dependencies": [
            "aws_s3_bucket.frontend"
          ]
        }
      ]
    },
    {
      "mode": "managed",
      "type": "hcloud_firewall",
      "name": "cluster",
      "provider": "provider[\"registry.terraform.io/hetznercloud/hcloud\"]",
      "instances": [
        {
          "schema_version": 0,
          "attributes": {
            "apply_to": [
              {
                "label_selector": "",
                "server": 125354066
              },
              {
                "label_selector": "",
                "server": 125354290
              }
            ],
            "id": "10772571",
            "labels": {},
            "name": "monorepo-cluster",
            "rule": [
              {
                "description": "",
                "destination_ips": [],
                "direction": "in",
                "port": "22",
                "protocol": "tcp",
                "source_ips": [
                  "0.0.0.0/0"
                ]
              },
              {
                "description": "",
                "destination_ips": [],
                "direction": "in",
                "port": "443",
                "protocol": "tcp",
                "source_ips": [
                  "0.0.0.0/0",
                  "::/0"
                ]
              },
              {
                "description": "",
                "destination_ips": [],
                "direction": "in",
                "port": "6443",
                "protocol": "tcp",
                "source_ips": [
                  "0.0.0.0/0",
                  "::/0"
                ]
              },
              {
                "description": "",
                "destination_ips": [],
                "direction": "in",
                "port": "80",
                "protocol": "tcp",
                "source_ips": [
                  "0.0.0.0/0",
                  "::/0"
                ]
              }
            ]
          },
          "sensitive_attributes": [],
          "identity_schema_version": 0,
          "private": "bnVsbA=="
        }
      ]
    },
    {
      "mode": "managed",
      "type": "hcloud_network",
      "name": "cluster",
      "provider": "provider[\"registry.terraform.io/hetznercloud/hcloud\"]",
      "instances": [
        {
          "schema_version": 0,
          "attributes": {
            "delete_protection": false,
            "expose_routes_to_vswitch": false,
            "id": "12079355",
            "ip_range": "10.0.0.0/16",
            "labels": {},
            "name": "monorepo-cluster"
          },
          "sensitive_attributes": [],
          "identity_schema_version": 0,
          "private": "bnVsbA=="
        }
      ]
    },
    {
      "mode": "managed",
      "type": "hcloud_network_subnet",
      "name": "nodes",
      "provider": "provider[\"registry.terraform.io/hetznercloud/hcloud\"]",
      "instances": [
        {
          "schema_version": 0,
          "attributes": {
            "gateway": "10.0.0.1",
            "id": "12079355-10.0.1.0/24",
            "ip_range": "10.0.1.0/24",
            "network_id": 12079355,
            "network_zone": "eu-central",
            "type": "cloud",
            "vswitch_id": null
          },
          "sensitive_attributes": [],
          "identity_schema_version": 0,
          "private": "bnVsbA==",
          "dependencies": [
            "hcloud_network.cluster"
          ]
        }
      ]
    },
    {
      "mode": "managed",
      "type": "hcloud_server",
      "name": "agent",
      "provider": "provider[\"registry.terraform.io/hetznercloud/hcloud\"]",
      "instances": [
        {
          "schema_version": 0,
          "attributes": {
            "allow_deprecated_images": false,
            "backup_window": "",
            "backups": false,
            "datacenter": "nbg1-dc3",
            "delete_protection": false,
            "firewall_ids": [
              10772571
            ],
            "id": "125354290",
            "ignore_remote_firewall_ids": false,
            "image": "ubuntu-24.04",
            "ipv4_address": "178.104.124.151",
            "ipv6_address": "2a01:4f8:1c18:983c::1",
            "ipv6_network": "2a01:4f8:1c18:983c::/64",
            "iso": null,
            "keep_disk": false,
            "labels": {},
            "location": "nbg1",
            "name": "monorepo-agent",
            "network": [
              {
                "alias_ips": [],
                "ip": "10.0.1.2",
                "mac_address": "86:00:00:6a:e8:ff",
                "network_id": 12079355
              }
            ],
            "placement_group_id": 0,
            "primary_disk_size": 40,
            "public_net": [],
            "rebuild_protection": false,
            "rescue": null,
            "server_type": "cx23",
            "shutdown_before_deletion": false,
            "ssh_keys": [
              "110019731",
              "110018931"
            ],
            "status": "running",
            "timeouts": null,
            "user_data": "XX2BwcqOegIfjmdbLKEZ1zoHJ60="
          },
          "sensitive_attributes": [],
          "identity_schema_version": 0,
          "private": "eyJlMmJmYjczMC1lY2FhLTExZTYtOGY4OC0zNDM2M2JjN2M0YzAiOnsiY3JlYXRlIjo1NDAwMDAwMDAwMDAwfX0=",
          "dependencies": [
            "data.hcloud_ssh_key.ci",
            "data.hcloud_ssh_key.default",
            "data.remote_file.k3s_token",
            "hcloud_firewall.cluster",
            "hcloud_network.cluster",
            "hcloud_network_subnet.nodes",
            "hcloud_server.server",
            "null_resource.wait_for_k3s"
          ]
        }
      ]
    },
    {
      "mode": "managed",
      "type": "hcloud_server",
      "name": "server",
      "provider": "provider[\"registry.terraform.io/hetznercloud/hcloud\"]",
      "instances": [
        {
          "schema_version": 0,
          "attributes": {
            "allow_deprecated_images": false,
            "backup_window": "",
            "backups": false,
            "datacenter": "nbg1-dc3",
            "delete_protection": false,
            "firewall_ids": [
              10772571
            ],
            "id": "125354066",
            "ignore_remote_firewall_ids": false,
            "image": "ubuntu-24.04",
            "ipv4_address": "178.104.125.40",
            "ipv6_address": "2a01:4f8:1c18:970b::1",
            "ipv6_network": "2a01:4f8:1c18:970b::/64",
            "iso": null,
            "keep_disk": false,
            "labels": {},
            "location": "nbg1",
            "name": "monorepo-server",
            "network": [
              {
                "alias_ips": [],
                "ip": "10.0.1.1",
                "mac_address": "86:00:00:6a:e9:0f",
                "network_id": 12079355
              }
            ],
            "placement_group_id": 0,
            "primary_disk_size": 40,
            "public_net": [],
            "rebuild_protection": false,
            "rescue": null,
            "server_type": "cx23",
            "shutdown_before_deletion": false,
            "ssh_keys": [
              "110019731",
              "110018931"
            ],
            "status": "running",
            "timeouts": null,
            "user_data": "gfdVur7PUcpsfR81XrE8+1lRz4o="
          },
          "sensitive_attributes": [],
          "identity_schema_version": 0,
          "private": "eyJlMmJmYjczMC1lY2FhLTExZTYtOGY4OC0zNDM2M2JjN2M0YzAiOnsiY3JlYXRlIjo1NDAwMDAwMDAwMDAwfX0=",
          "dependencies": [
            "data.hcloud_ssh_key.ci",
            "data.hcloud_ssh_key.default",
            "hcloud_firewall.cluster",
            "hcloud_network.cluster",
            "hcloud_network_subnet.nodes"
          ]
        }
      ]
    },
    {
      "mode": "managed",
      "type": "null_resource",
      "name": "wait_for_k3s",
      "provider": "provider[\"registry.terraform.io/hashicorp/null\"]",
      "instances": [
        {
          "schema_version": 0,
          "attributes": {
            "id": "3636221365993688217",
            "triggers": null
          },
          "sensitive_attributes": [],
          "identity_schema_version": 0,
          "dependencies": [
            "data.hcloud_ssh_key.ci",
            "data.hcloud_ssh_key.default",
            "hcloud_firewall.cluster",
            "hcloud_network.cluster",
            "hcloud_network_subnet.nodes",
            "hcloud_server.server"
          ]
        }
      ]
    }
  ],
  "check_results": null
}
